<?xml version="1.0" encoding="utf-8"?>
<Project ToolsVersion="4.0" xmlns="http://schemas.microsoft.com/developer/msbuild/2003">
  <ItemGroup>
    <ClCompile Include="surface.cpp">
      <Filter>template code</Filter>
    </ClCompile>
    <ClCompile Include="template.cpp">
      <Filter>template code</Filter>
    </ClCompile>
    <ClCompile Include="Player.cpp">
      <Filter>source</Filter>
    </ClCompile>
    <ClCompile Include="Object.cpp">
      <Filter>source</Filter>
    </ClCompile>
    <ClCompile Include="GameManager.cpp">
      <Filter>source</Filter>
    </ClCompile>
    <ClCompile Include="game.cpp">
      <Filter>source</Filter>
    </ClCompile>
    <ClCompile Include="CollisionManager.cpp">
      <Filter>source</Filter>
    </ClCompile>
    <ClCompile Include="Bullet.cpp">
      <Filter>source</Filter>
    </ClCompile>
    <ClCompile Include="Asteroid.cpp">
      <Filter>source</Filter>
    </ClCompile>
    <ClCompile Include="FillBar.cpp">
      <Filter>source</Filter>
    </ClCompile>
    <ClCompile Include="Animator.cpp">
      <Filter>source</Filter>
    </ClCompile>
    <ClCompile Include="Sheep.cpp">
      <Filter>source</Filter>
    </ClCompile>
    <ClCompile Include="Button.cpp">
      <Filter>source</Filter>
    </ClCompile>
    <ClCompile Include="Upgrade.cpp">
      <Filter>source</Filter>
    </ClCompile>
    <ClCompile Include="PlayerStates.cpp">
      <Filter>source</Filter>
    </ClCompile>
    <ClCompile Include="SuperBullet.cpp">
      <Filter>source</Filter>
    </ClCompile>
    <ClCompile Include="Trail.cpp">
      <Filter>source</Filter>
    </ClCompile>
    <ClCompile Include="GameStates.cpp">
      <Filter>source</Filter>
    </ClCompile>
    <ClCompile Include="Particle.cpp">
      <Filter>source</Filter>
    </ClCompile>
    <ClCompile Include="Random.cpp">
      <Filter>source</Filter>
    </ClCompile>
    <ClCompile Include="AssetManager.cpp">
      <Filter>source</Filter>
    </ClCompile>
    <ClCompile Include="Toggle.cpp">
      <Filter>source</Filter>
    </ClCompile>
  </ItemGroup>
  <ItemGroup>
    <ClInclude Include="surface.h">
      <Filter>template code</Filter>
    </ClInclude>
    <ClInclude Include="template.h">
      <Filter>template code</Filter>
    </ClInclude>
    <ClInclude Include="game.hpp">
      <Filter>include</Filter>
    </ClInclude>
    <ClInclude Include="CollisionManager.hpp">
      <Filter>include\Managers</Filter>
    </ClInclude>
    <ClInclude Include="GameManager.hpp">
      <Filter>include\Managers</Filter>
    </ClInclude>
    <ClInclude Include="TimerManager.hpp">
      <Filter>include\Managers</Filter>
    </ClInclude>
    <ClInclude Include="Animator.hpp">
      <Filter>include\Managers</Filter>
    </ClInclude>
    <ClInclude Include="Asteroid.hpp">
      <Filter>include\Objects</Filter>
    </ClInclude>
    <ClInclude Include="Bullet.hpp">
      <Filter>include\Objects</Filter>
    </ClInclude>
    <ClInclude Include="Button.hpp">
      <Filter>include\Objects</Filter>
    </ClInclude>
    <ClInclude Include="Sheep.hpp">
      <Filter>include\Objects</Filter>
    </ClInclude>
    <ClInclude Include="Player.hpp">
      <Filter>include\Objects</Filter>
    </ClInclude>
    <ClInclude Include="Object.hpp">
      <Filter>include\Objects</Filter>
    </ClInclude>
    <ClInclude Include="FillBar.hpp">
      <Filter>include\Objects</Filter>
    </ClInclude>
    <ClInclude Include="Upgrade.hpp">
      <Filter>include\Objects</Filter>
    </ClInclude>
    <ClInclude Include="UIElement.hpp">
      <Filter>include\Objects</Filter>
    </ClInclude>
    <ClInclude Include="SuperBullet.hpp">
      <Filter>include\Objects</Filter>
    </ClInclude>
    <ClInclude Include="Functions.hpp">
      <Filter>include\Algorithms</Filter>
    </ClInclude>
    <ClInclude Include="CollisionHelper.hpp">
      <Filter>include\Algorithms</Filter>
    </ClInclude>
    <ClInclude Include="Trail.hpp">
      <Filter>include\Objects</Filter>
    </ClInclude>
    <ClInclude Include="EventBus.hpp">
      <Filter>include\Managers</Filter>
    </ClInclude>
    <ClInclude Include="Particle.hpp">
      <Filter>include\Objects</Filter>
    </ClInclude>
    <ClInclude Include="Random.hpp">
      <Filter>include\Algorithms</Filter>
    </ClInclude>
    <ClInclude Include="AssetManager.hpp">
      <Filter>include\Managers</Filter>
    </ClInclude>
    <ClInclude Include="AssetNames.hpp">
      <Filter>include</Filter>
    </ClInclude>
    <ClInclude Include="Toggle.hpp">
      <Filter>include\Objects</Filter>
    </ClInclude>
  </ItemGroup>
  <ItemGroup>
    <Filter Include="template code">
      <UniqueIdentifier>{bf32dd6e-4be7-4889-8ac6-49e7ee163c40}</UniqueIdentifier>
    </Filter>
    <Filter Include="include">
      <UniqueIdentifier>{54cf3bc8-88ac-48e6-bf47-ad48ac159140}</UniqueIdentifier>
    </Filter>
    <Filter Include="source">
      <UniqueIdentifier>{8b2c0e23-ced3-4491-95da-2bc24679a13c}</UniqueIdentifier>
    </Filter>
    <Filter Include="include\Managers">
      <UniqueIdentifier>{95c4e044-701c-4cd6-b25f-802bd2955262}</UniqueIdentifier>
    </Filter>
    <Filter Include="include\Objects">
      <UniqueIdentifier>{bd6da58a-59ca-4842-ad56-ecf939d75e9f}</UniqueIdentifier>
    </Filter>
    <Filter Include="include\Algorithms">
      <UniqueIdentifier>{6e7c1b04-8f87-4780-813b-deb37c0e6aaf}</UniqueIdentifier>
    </Filter>
  </ItemGroup>
  <ItemGroup>
    <Text Include="_readme.txt">
      <Filter>template code</Filter>
    </Text>
  </ItemGroup>
  <ItemGroup>
    <None Include="README.md" />
    <None Include="A Parallel Algorithm for Polygon Rasterization (Pineda, 1988) (1).pdf" />
  </ItemGroup>
</Project>